// !$*UTF8*$!
{
	archiveVersion = 1;
	classes = {
	};
	objectVersion = 46;
	objects = {

/* Begin PBXBuildFile section */
		07F5E1A31D2DC8B2004677DC /* AppDelegate.swift in Sources */ = {isa = PBXBuildFile; fileRef = 07F5E1A21D2DC8B2004677DC /* AppDelegate.swift */; };
		07F5E1A51D2DC8B2004677DC /* ViewController.swift in Sources */ = {isa = PBXBuildFile; fileRef = 07F5E1A41D2DC8B2004677DC /* ViewController.swift */; };
		07F5E1A81D2DC8B2004677DC /* Main.storyboard in Resources */ = {isa = PBXBuildFile; fileRef = 07F5E1A61D2DC8B2004677DC /* Main.storyboard */; };
		07F5E1AA1D2DC8B2004677DC /* Assets.xcassets in Resources */ = {isa = PBXBuildFile; fileRef = 07F5E1A91D2DC8B2004677DC /* Assets.xcassets */; };
		07F5E1AD1D2DC8B2004677DC /* LaunchScreen.storyboard in Resources */ = {isa = PBXBuildFile; fileRef = 07F5E1AB1D2DC8B2004677DC /* LaunchScreen.storyboard */; };
/* End PBXBuildFile section */

/* Begin PBXFileReference section */
		07F5E19F1D2DC8B2004677DC /* MyStoryBoard.app */ = {isa = PBXFileReference; explicitFileType = wrapper.application; includeInIndex = 0; path = MyStoryBoard.app; sourceTree = BUILT_PRODUCTS_DIR; };
		07F5E1A21D2DC8B2004677DC /* AppDelegate.swift */ = {isa = PBXFileReference; lastKnownFileType = sourcecode.swift; path = AppDelegate.swift; sourceTree = "<group>"; };
		07F5E1A41D2DC8B2004677DC /* ViewController.swift */ = {isa = PBXFileReference; lastKnownFileType = sourcecode.swift; path = ViewController.swift; sourceTree = "<group>"; };
		07F5E1A71D2DC8B2004677DC /* Base */ = {isa = PBXFileReference; lastKnownFileType = file.storyboard; name = Base; path = Base.lproj/Main.storyboard; sourceTree = "<group>"; };
		07F5E1A91D2DC8B2004677DC /* Assets.xcassets */ = {isa = PBXFileReference; lastKnownFileType = folder.assetcatalog; path = Assets.xcassets; sourceTree = "<group>"; };
		07F5E1AC1D2DC8B2004677DC /* Base */ = {isa = PBXFileReference; lastKnownFileType = file.storyboard; name = Base; path = Base.lproj/LaunchScreen.storyboard; sourceTree = "<group>"; };
		07F5E1AE1D2DC8B2004677DC /* Info.plist */ = {isa = PBXFileReference; lastKnownFileType = text.plist.xml; path = Info.plist; sourceTree = "<group>"; };
/* End PBXFileReference section */

/* Begin PBXFrameworksBuildPhase section */
		07F5E19C1D2DC8B2004677DC /* Frameworks */ = {
			isa = PBXFrameworksBuildPhase;
			buildActionMask = 2147483647;
			files = (
			);
			runOnlyForDeploymentPostprocessing = 0;
		};
/* End PBXFrameworksBuildPhase section */

/* Begin PBXGroup section */
		07F5E1961D2DC8B2004677DC = {
			isa = PBXGroup;
			children = (
				07F5E1A11D2DC8B2004677DC /* MyStoryBoard */,
				07F5E1A01D2DC8B2004677DC /* Products */,
			);
			sourceTree = "<group>";
		};
		07F5E1A01D2DC8B2004677DC /* Products */ = {
			isa = PBXGroup;
			children = (
				07F5E19F1D2DC8B2004677DC /* MyStoryBoard.app */,
			);
			name = Products;
			sourceTree = "<group>";
		};
		07F5E1A11D2DC8B2004677DC /* MyStoryBoard */ = {
			isa = PBXGroup;
			children = (
				07F5E1A21D2DC8B2004677DC /* AppDelegate.swift */,
				07F5E1A41D2DC8B2004677DC /* ViewController.swift */,
				07F5E1A61D2DC8B2004677DC /* Main.storyboard */,
				07F5E1A91D2DC8B2004677DC /* Assets.xcassets */,
				07F5E1AB1D2DC8B2004677DC /* LaunchScreen.storyboard */,
				07F5E1AE1D2DC8B2004677DC /* Info.plist */,
			);
			path = MyStoryBoard;
			sourceTree = "<group>";
		};
/* End PBXGroup section */

/* Begin PBXNativeTarget section */
		07F5E19E1D2DC8B2004677DC /* MyStoryBoard */ = {
			isa = PBXNativeTarget;
			buildConfigurationList = 07F5E1B11D2DC8B2004677DC /* Build configuration list for PBXNativeTarget "MyStoryBoard" */;
			buildPhases = (
				07F5E19B1D2DC8B2004677DC /* Sources */,
				07F5E19C1D2DC8B2004677DC /* Frameworks */,
				07F5E19D1D2DC8B2004677DC /* Resources */,
			);
			buildRules = (
			);
			dependencies = (
			);
			name = MyStoryBoard;
			productName = MyStoryBoard;
			productReference = 07F5E19F1D2DC8B2004677DC /* MyStoryBoard.app */;
			productType = "com.apple.product-type.application";
		};
/* End PBXNativeTarget section */

/* Begin PBXProject section */
		07F5E1971D2DC8B2004677DC /* Project object */ = {
			isa = PBXProject;
			attributes = {
				LastSwiftUpdateCheck = 0730;
				LastUpgradeCheck = 0730;
				ORGANIZATIONNAME = FIS;
				TargetAttributes = {
					07F5E19E1D2DC8B2004677DC = {
						CreatedOnToolsVersion = 7.3.1;
					};
				};
			};
			buildConfigurationList = 07F5E19A1D2DC8B2004677DC /* Build configuration list for PBXProject "MyStoryBoard" */;
			compatibilityVersion = "Xcode 3.2";
			developmentRegion = English;
			hasScannedForEncodings = 0;
			knownRegions = (
				en,
				Base,
			);
			mainGroup = 07F5E1961D2DC8B2004677DC;
			productRefGroup = 07F5E1A01D2DC8B2004677DC /* Products */;
			projectDirPath = "";
			projectRoot = "";
			targets = (
				07F5E19E1D2DC8B2004677DC /* MyStoryBoard */,
			);
		};
/* End PBXProject section */

/* Begin PBXResourcesBuildPhase section */
		07F5E19D1D2DC8B2004677DC /* Resources */ = {
			isa = PBXResourcesBuildPhase;
			buildActionMask = 2147483647;
			files = (
				07F5E1AD1D2DC8B2004677DC /* LaunchScreen.storyboard in Resources */,
				07F5E1AA1D2DC8B2004677DC /* Assets.xcassets in Resources */,
				07F5E1A81D2DC8B2004677DC /* Main.storyboard in Resources */,
			);
			runOnlyForDeploymentPostprocessing = 0;
		};
/* End PBXResourcesBuildPhase section */

/* Begin PBXSourcesBuildPhase section */
		07F5E19B1D2DC8B2004677DC /* Sources */ = {
			isa = PBXSourcesBuildPhase;
			buildActionMask = 2147483647;
			files = (
				07F5E1A51D2DC8B2004677DC /* ViewController.swift in Sources */,
				07F5E1A31D2DC8B2004677DC /* AppDelegate.swift in Sources */,
			);
			runOnlyForDeploymentPostprocessing = 0;
		};
/* End PBXSourcesBuildPhase section */

/* Begin PBXVariantGroup section */
		07F5E1A61D2DC8B2004677DC /* Main.storyboard */ = {
			isa = PBXVariantGroup;
			children = (
				07F5E1A71D2DC8B2004677DC /* Base */,
			);
			name = Main.storyboard;
			sourceTree = "<group>";
		};
		07F5E1AB1D2DC8B2004677DC /* LaunchScreen.storyboard */ = {
			isa = PBXVariantGroup;
			children = (
				07F5E1AC1D2DC8B2004677DC /* Base */,
			);
			name = LaunchScreen.storyboard;
			sourceTree = "<group>";
		};
/* End PBXVariantGroup section */

/* Begin XCBuildConfiguration section */
		07F5E1AF1D2DC8B2004677DC /* Debug */ = {
			isa = XCBuildConfiguration;
			buildSettings = {
				ALWAYS_SEARCH_USER_PATHS = NO;
				CLANG_ANALYZER_NONNULL = YES;
				CLANG_CXX_LANGUAGE_STANDARD = "gnu++0x";
				CLANG_CXX_LIBRARY = "libc++";
				CLANG_ENABLE_MODULES = YES;
				CLANG_ENABLE_OBJC_ARC = YES;
				CLANG_WARN_BOOL_CONVERSION = YES;
				CLANG_WARN_CONSTANT_CONVERSION = YES;
				CLANG_WARN_DIRECT_OBJC_ISA_USAGE = YES_ERROR;
				CLANG_WARN_EMPTY_BODY = YES;
				CLANG_WARN_ENUM_CONVERSION = YES;
				CLANG_WARN_INT_CONVERSION = YES;
				CLANG_WARN_OBJC_ROOT_CLASS = YES_ERROR;
				CLANG_WARN_UNREACHABLE_CODE = YES;
				CLANG_WARN__DUPLICATE_METHOD_MATCH = YES;
				"CODE_SIGN_IDENTITY[sdk=iphoneos*]" = "iPhone Developer";
				COPY_PHASE_STRIP = NO;
				DEBUG_INFORMATION_FORMAT = dwarf;
				ENABLE_STRICT_OBJC_MSGSEND = YES;
				ENABLE_TESTABILITY = YES;
				GCC_C_LANGUAGE_STANDARD = gnu99;
				GCC_DYNAMIC_NO_PIC = NO;
				GCC_NO_COMMON_BLOCKS = YES;
				GCC_OPTIMIZATION_LEVEL = 0;
				GCC_PREPROCESSOR_DEFINITIONS = (
					"DEBUG=1",
					"$(inherited)",
				);
				GCC_WARN_64_TO_32_BIT_CONVERSION = YES;
				GCC_WARN_ABOUT_RETURN_TYPE = YES_ERROR;
				GCC_WARN_UNDECLARED_SELECTOR = YES;
				GCC_WARN_UNINITIALIZED_AUTOS = YES_AGGRESSIVE;
				GCC_WARN_UNUSED_FUNCTION = YES;
				GCC_WARN_UNUSED_VARIABLE = YES;
				IPHONEOS_DEPLOYMENT_TARGET = 9.3;
				MTL_ENABLE_DEBUG_INFO = YES;
				ONLY_ACTIVE_ARCH = YES;
				SDKROOT = iphoneos;
				SWIFT_OPTIMIZATION_LEVEL = "-Onone";
				TARGETED_DEVICE_FAMILY = "1,2";
			};
			name = Debug;
		};
		07F5E1B01D2DC8B2004677DC /* Release */ = {
			isa = XCBuildConfiguration;
			buildSettings = {
				ALWAYS_SEARCH_USER_PATHS = NO;
				CLANG_ANALYZER_NONNULL = YES;
				CLANG_CXX_LANGUAGE_STANDARD = "gnu++0x";
				CLANG_CXX_LIBRARY = "libc++";
				CLANG_ENABLE_MODULES = YES;
				CLANG_ENABLE_OBJC_ARC = YES;
				CLANG_WARN_BOOL_CONVERSION = YES;
				CLANG_WARN_CONSTANT_CONVERSION = YES;
				CLANG_WARN_DIRECT_OBJC_ISA_USAGE = YES_ERROR;
				CLANG_WARN_EMPTY_BODY = YES;
				CLANG_WARN_ENUM_CONVERSION = YES;
				CLANG_WARN_INT_CONVERSION = YES;
				CLANG_WARN_OBJC_ROOT_CLASS = YES_ERROR;
				CLANG_WARN_UNREACHABLE_CODE = YES;
				CLANG_WARN__DUPLICATE_METHOD_MATCH = YES;
				"CODE_SIGN_IDENTITY[sdk=iphoneos*]" = "iPhone Developer";
				COPY_PHASE_STRIP = NO;
				DEBUG_INFORMATION_FORMAT = "dwarf-with-dsym";
				ENABLE_NS_ASSERTIONS = NO;
				ENABLE_STRICT_OBJC_MSGSEND = YES;
				GCC_C_LANGUAGE_STANDARD = gnu99;
				GCC_NO_COMMON_BLOCKS = YES;
				GCC_WARN_64_TO_32_BIT_CONVERSION = YES;
				GCC_WARN_ABOUT_RETURN_TYPE = YES_ERROR;
				GCC_WARN_UNDECLARED_SELECTOR = YES;
				GCC_WARN_UNINITIALIZED_AUTOS = YES_AGGRESSIVE;
				GCC_WARN_UNUSED_FUNCTION = YES;
				GCC_WARN_UNUSED_VARIABLE = YES;
				IPHONEOS_DEPLOYMENT_TARGET = 9.3;
				MTL_ENABLE_DEBUG_INFO = NO;
				SDKROOT = iphoneos;
				TARGETED_DEVICE_FAMILY = "1,2";
				VALIDATE_PRODUCT = YES;
			};
			name = Release;
		};
		07F5E1B21D2DC8B2004677DC /* Debug */ = {
			isa = XCBuildConfiguration;
			buildSettings = {
				ASSETCATALOG_COMPILER_APPICON_NAME = AppIcon;
				INFOPLIST_FILE = MyStoryBoard/Info.plist;
				LD_RUNPATH_SEARCH_PATHS = "$(inherited) @executable_path/Frameworks";
				PRODUCT_BUNDLE_IDENTIFIER = FIS.MyStoryBoard;
				PRODUCT_NAME = "$(TARGET_NAME)";
			};
			name = Debug;
		};
		07F5E1B31D2DC8B2004677DC /* Release */ = {
			isa = XCBuildConfiguration;
			buildSettings = {
				ASSETCATALOG_COMPILER_APPICON_NAME = AppIcon;
				INFOPLIST_FILE = MyStoryBoard/Info.plist;
				LD_RUNPATH_SEARCH_PATHS = "$(inherited) @executable_path/Frameworks";
				PRODUCT_BUNDLE_IDENTIFIER = FIS.MyStoryBoard;
				PRODUCT_NAME = "$(TARGET_NAME)";
			};
			name = Release;
		};
/* End XCBuildConfiguration section */

/* Begin XCConfigurationList section */
		07F5E19A1D2DC8B2004677DC /* Build configuration list for PBXProject "MyStoryBoard" */ = {
			isa = XCConfigurationList;
			buildConfigurations = (
				07F5E1AF1D2DC8B2004677DC /* Debug */,
				07F5E1B01D2DC8B2004677DC /* Release */,
			);
			defaultConfigurationIsVisible = 0;
			defaultConfigurationName = Release;
		};
		07F5E1B11D2DC8B2004677DC /* Build configuration list for PBXNativeTarget "MyStoryBoard" */ = {
			isa = XCConfigurationList;
			buildConfigurations = (
				07F5E1B21D2DC8B2004677DC /* Debug */,
				07F5E1B31D2DC8B2004677DC /* Release */,
			);
			defaultConfigurationIsVisible = 0;
		};
/* End XCConfigurationList section */
	};
	rootObject = 07F5E1971D2DC8B2004677DC /* Project object */;
}
